
Microsoft Visual Studio Solution File, Format Version 12.00
# Visual Studio Version 17
VisualStudioVersion = 17.11.35312.102
MinimumVisualStudioVersion = 10.0.40219.1
Project("{FAE04EC0-301F-11D3-BF4B-00C04F79EFBC}") = "OnlineJobPortal", "OnlineJobPortal\OnlineJobPortal.csproj", "{325A2C0A-EBEF-463C-B372-241B190B2401}"
EndProject
Global
	GlobalSection(SolutionConfigurationPlatforms) = preSolution
		Debug|Any CPU = Debug|Any CPU
		Release|Any CPU = Release|Any CPU
	EndGlobalSection
	GlobalSection(ProjectConfigurationPlatforms) = postSolution
		{325A2C0A-EBEF-463C-B372-241B190B2401}.Debug|Any CPU.ActiveCfg = Debug|Any CPU
		{325A2C0A-EBEF-463C-B372-241B190B2401}.Debug|Any CPU.Build.0 = Debug|Any CPU
		{325A2C0A-EBEF-463C-B372-241B190B2401}.Release|Any CPU.ActiveCfg = Release|Any CPU
		{325A2C0A-EBEF-463C-B372-241B190B2401}.Release|Any CPU.Build.0 = Release|Any CPU
	EndGlobalSection
	GlobalSection(SolutionProperties) = preSolution
		HideSolutionNode = FALSE
	EndGlobalSection
	GlobalSection(ExtensibilityGlobals) = postSolution
		SolutionGuid = {073DCF08-EFB2-48A0-A1FE-3211B9218FB5}
	EndGlobalSection
EndGlobal
